{
  "version": 4,
  "terraform_version": "1.2.8",
  "serial": 216,
  "lineage": "4389658d-42ea-52cc-ca93-d6e84a841e3a",
  "outputs": {},
  "resources": [
    {
      "mode": "managed",
      "type": "github_branch_default",
      "name": "default_branch_github",
      "provider": "provider[\"registry.terraform.io/integrations/github\"]",
      "instances": [
        {
          "schema_version": 0,
          "attributes": {
            "branch": "main",
            "id": ".github",
            "rename": false,
            "repository": ".github"
          },
          "sensitive_attributes": [],
          "private": "bnVsbA=="
        }
      ]
    },
    {
      "mode": "managed",
      "type": "github_branch_default",
      "name": "default_branch_p6-cdk-github-cve-alerter",
      "provider": "provider[\"registry.terraform.io/integrations/github\"]",
      "instances": [
        {
          "schema_version": 0,
          "attributes": {
            "branch": "main",
            "id": "p6-cdk-github-cve-alerter",
            "rename": false,
            "repository": "p6-cdk-github-cve-alerter"
          },
          "sensitive_attributes": [],
          "private": "bnVsbA=="
        }
      ]
    },
    {
      "mode": "managed",
      "type": "github_branch_default",
      "name": "default_branch_p6-cdk-gollucciio",
      "provider": "provider[\"registry.terraform.io/integrations/github\"]",
      "instances": [
        {
          "schema_version": 0,
          "attributes": {
            "branch": "main",
            "id": "p6-cdk-gollucci.io",
            "rename": false,
            "repository": "p6-cdk-gollucci.io"
          },
          "sensitive_attributes": [],
          "private": "bnVsbA=="
        }
      ]
    },
    {
      "mode": "managed",
      "type": "github_branch_default",
      "name": "default_branch_p6-cdk-landing-zone",
      "provider": "provider[\"registry.terraform.io/integrations/github\"]",
      "instances": [
        {
          "schema_version": 0,
          "attributes": {
            "branch": "main",
            "id": "p6-cdk-landing-zone",
            "rename": false,
            "repository": "p6-cdk-landing-zone"
          },
          "sensitive_attributes": [],
          "private": "bnVsbA=="
        }
      ]
    },
    {
      "mode": "managed",
      "type": "github_branch_default",
      "name": "default_branch_p6-cdktf-github-p6m7g8",
      "provider": "provider[\"registry.terraform.io/integrations/github\"]",
      "instances": [
        {
          "schema_version": 0,
          "attributes": {
            "branch": "main",
            "id": "p6-cdktf-github-p6m7g8",
            "rename": false,
            "repository": "p6-cdktf-github-p6m7g8"
          },
          "sensitive_attributes": [],
          "private": "bnVsbA=="
        }
      ]
    },
    {
      "mode": "managed",
      "type": "github_branch_default",
      "name": "default_branch_p6-cirrus",
      "provider": "provider[\"registry.terraform.io/integrations/github\"]",
      "instances": [
        {
          "schema_version": 0,
          "attributes": {
            "branch": "main",
            "id": "p6-cirrus",
            "rename": false,
            "repository": "p6-cirrus"
          },
          "sensitive_attributes": [],
          "private": "bnVsbA=="
        }
      ]
    },
    {
      "mode": "managed",
      "type": "github_branch_default",
      "name": "default_branch_p6-domain-records",
      "provider": "provider[\"registry.terraform.io/integrations/github\"]",
      "instances": [
        {
          "schema_version": 0,
          "attributes": {
            "branch": "main",
            "id": "p6-domain-records",
            "rename": false,
            "repository": "p6-domain-records"
          },
          "sensitive_attributes": [],
          "private": "bnVsbA=="
        }
      ]
    },
    {
      "mode": "managed",
      "type": "github_branch_default",
      "name": "default_branch_p6-domains",
      "provider": "provider[\"registry.terraform.io/integrations/github\"]",
      "instances": [
        {
          "schema_version": 0,
          "attributes": {
            "branch": "main",
            "id": "p6-domains",
            "rename": false,
            "repository": "p6-domains"
          },
          "sensitive_attributes": [],
          "private": "bnVsbA=="
        }
      ]
    },
    {
      "mode": "managed",
      "type": "github_branch_default",
      "name": "default_branch_p6-go-craps",
      "provider": "provider[\"registry.terraform.io/integrations/github\"]",
      "instances": [
        {
          "schema_version": 0,
          "attributes": {
            "branch": "main",
            "id": "p6-go-craps",
            "rename": false,
            "repository": "p6-go-craps"
          },
          "sensitive_attributes": [],
          "private": "bnVsbA=="
        }
      ]
    },
    {
      "mode": "managed",
      "type": "github_branch_default",
      "name": "default_branch_p6-projen-ts-craps",
      "provider": "provider[\"registry.terraform.io/integrations/github\"]",
      "instances": [
        {
          "schema_version": 0,
          "attributes": {
            "branch": "main",
            "id": "p6-projen-ts-craps",
            "rename": false,
            "repository": "p6-projen-ts-craps"
          },
          "sensitive_attributes": [],
          "private": "bnVsbA=="
        }
      ]
    },
    {
      "mode": "managed",
      "type": "github_branch_default",
      "name": "default_branch_p6-py-craps",
      "provider": "provider[\"registry.terraform.io/integrations/github\"]",
      "instances": [
        {
          "schema_version": 0,
          "attributes": {
            "branch": "main",
            "id": "p6-py-craps",
            "rename": false,
            "repository": "p6-py-craps"
          },
          "sensitive_attributes": [],
          "private": "bnVsbA=="
        }
      ]
    },
    {
      "mode": "managed",
      "type": "github_branch_default",
      "name": "default_branch_p6-rails-craps",
      "provider": "provider[\"registry.terraform.io/integrations/github\"]",
      "instances": [
        {
          "schema_version": 0,
          "attributes": {
            "branch": "main",
            "id": "p6-rails-craps",
            "rename": false,
            "repository": "p6-rails-craps"
          },
          "sensitive_attributes": [],
          "private": "bnVsbA=="
        }
      ]
    },
    {
      "mode": "managed",
      "type": "github_branch_default",
      "name": "default_branch_p6-rb-craps",
      "provider": "provider[\"registry.terraform.io/integrations/github\"]",
      "instances": [
        {
          "schema_version": 0,
          "attributes": {
            "branch": "main",
            "id": "p6-rb-craps",
            "rename": false,
            "repository": "p6-rb-craps"
          },
          "sensitive_attributes": [],
          "private": "bnVsbA=="
        }
      ]
    },
    {
      "mode": "managed",
      "type": "github_branch_default",
      "name": "default_branch_p6-rust-craps",
      "provider": "provider[\"registry.terraform.io/integrations/github\"]",
      "instances": [
        {
          "schema_version": 0,
          "attributes": {
            "branch": "main",
            "id": "p6-rust-craps",
            "rename": false,
            "repository": "p6-rust-craps"
          },
          "sensitive_attributes": [],
          "private": "bnVsbA=="
        }
      ]
    },
    {
      "mode": "managed",
      "type": "github_branch_default",
      "name": "default_branch_p6-slab-graphql-schema",
      "provider": "provider[\"registry.terraform.io/integrations/github\"]",
      "instances": [
        {
          "schema_version": 0,
          "attributes": {
            "branch": "main",
            "id": "p6-slab-graphql-schema",
            "rename": false,
            "repository": "p6-slab-graphql-schema"
          },
          "sensitive_attributes": [],
          "private": "bnVsbA=="
        }
      ]
    },
    {
      "mode": "managed",
      "type": "github_branch_default",
      "name": "default_branch_p6-ts-craps",
      "provider": "provider[\"registry.terraform.io/integrations/github\"]",
      "instances": [
        {
          "schema_version": 0,
          "attributes": {
            "branch": "main",
            "id": "p6-ts-craps",
            "rename": false,
            "repository": "p6-ts-craps"
          },
          "sensitive_attributes": [],
          "private": "bnVsbA=="
        }
      ]
    },
    {
      "mode": "managed",
      "type": "github_branch_default",
      "name": "default_branch_p6-zsh-cdktf-plugin",
      "provider": "provider[\"registry.terraform.io/integrations/github\"]",
      "instances": [
        {
          "schema_version": 0,
          "attributes": {
            "branch": "main",
            "id": "p6-zsh-cdktf-plugin",
            "rename": false,
            "repository": "p6-zsh-cdktf-plugin"
          },
          "sensitive_attributes": [],
          "private": "bnVsbA=="
        }
      ]
    },
    {
      "mode": "managed",
      "type": "github_branch_default",
      "name": "default_branch_p6-zsh-projen-plugin",
      "provider": "provider[\"registry.terraform.io/integrations/github\"]",
      "instances": [
        {
          "schema_version": 0,
          "attributes": {
            "branch": "main",
            "id": "p6-zsh-projen-plugin",
            "rename": false,
            "repository": "p6-zsh-projen-plugin"
          },
          "sensitive_attributes": [],
          "private": "bnVsbA=="
        }
      ]
    },
    {
      "mode": "managed",
      "type": "github_branch_default",
      "name": "default_branch_p6-zsh-sam-plugin",
      "provider": "provider[\"registry.terraform.io/integrations/github\"]",
      "instances": [
        {
          "schema_version": 0,
          "attributes": {
            "branch": "main",
            "id": "p6-zsh-sam-plugin",
            "rename": false,
            "repository": "p6-zsh-sam-plugin"
          },
          "sensitive_attributes": [],
          "private": "bnVsbA=="
        }
      ]
    },
    {
      "mode": "managed",
      "type": "github_branch_default",
      "name": "default_branch_p6m7g8githubio",
      "provider": "provider[\"registry.terraform.io/integrations/github\"]",
      "instances": [
        {
          "schema_version": 0,
          "attributes": {
            "branch": "main",
            "id": "p6m7g8.github.io",
            "rename": false,
            "repository": "p6m7g8.github.io"
          },
          "sensitive_attributes": [],
          "private": "bnVsbA=="
        }
      ]
    },
    {
      "mode": "managed",
      "type": "github_branch_protection_v3",
      "name": "branch_protection_github",
      "provider": "provider[\"registry.terraform.io/integrations/github\"]",
      "instances": [
        {
          "schema_version": 0,
          "attributes": {
            "branch": "main",
            "enforce_admins": true,
            "etag": "W/\"6713628792f483add546f85643debed3d4ebc72cbd2eb4198cfe3f18ef3106c4\"",
            "id": ".github:main",
            "repository": ".github",
            "require_conversation_resolution": false,
            "require_signed_commits": false,
            "required_pull_request_reviews": [],
            "required_status_checks": [
              {
                "checks": [],
                "contexts": [],
                "include_admins": false,
                "strict": true
              }
            ],
            "restrictions": []
          },
          "sensitive_attributes": [],
          "private": "bnVsbA=="
        }
      ]
    },
    {
      "mode": "managed",
      "type": "github_branch_protection_v3",
      "name": "branch_protection_p6-cdk-github-cve-alerter",
      "provider": "provider[\"registry.terraform.io/integrations/github\"]",
      "instances": [
        {
          "schema_version": 0,
          "attributes": {
            "branch": "main",
            "enforce_admins": true,
            "etag": "W/\"7e9b4569d5f165e1defa0932203fb6d3722546a6bc4987c42baa5e8c0aea11ef\"",
            "id": "p6-cdk-github-cve-alerter:main",
            "repository": "p6-cdk-github-cve-alerter",
            "require_conversation_resolution": false,
            "require_signed_commits": false,
            "required_pull_request_reviews": [],
            "required_status_checks": [
              {
                "checks": [],
                "contexts": [],
                "include_admins": false,
                "strict": true
              }
            ],
            "restrictions": []
          },
          "sensitive_attributes": [],
          "private": "bnVsbA=="
        }
      ]
    },
    {
      "mode": "managed",
      "type": "github_branch_protection_v3",
      "name": "branch_protection_p6-cdk-gollucciio",
      "provider": "provider[\"registry.terraform.io/integrations/github\"]",
      "instances": [
        {
          "schema_version": 0,
          "attributes": {
            "branch": "main",
            "enforce_admins": true,
            "etag": "W/\"bb2293e317da860d5f126afcc5bb39212a4207fa978a2322769ae0371f3eb6ad\"",
            "id": "p6-cdk-gollucci.io:main",
            "repository": "p6-cdk-gollucci.io",
            "require_conversation_resolution": false,
            "require_signed_commits": false,
            "required_pull_request_reviews": [],
            "required_status_checks": [
              {
                "checks": [],
                "contexts": [],
                "include_admins": false,
                "strict": true
              }
            ],
            "restrictions": []
          },
          "sensitive_attributes": [],
          "private": "bnVsbA=="
        }
      ]
    },
    {
      "mode": "managed",
      "type": "github_branch_protection_v3",
      "name": "branch_protection_p6-cdk-landing-zone",
      "provider": "provider[\"registry.terraform.io/integrations/github\"]",
      "instances": [
        {
          "schema_version": 0,
          "attributes": {
            "branch": "main",
            "enforce_admins": true,
            "etag": "W/\"72aae069cee54149403773b153c8f211ba9d7dee5cca0c34b85a8f605f63e451\"",
            "id": "p6-cdk-landing-zone:main",
            "repository": "p6-cdk-landing-zone",
            "require_conversation_resolution": false,
            "require_signed_commits": false,
            "required_pull_request_reviews": [],
            "required_status_checks": [
              {
                "checks": [],
                "contexts": [],
                "include_admins": false,
                "strict": true
              }
            ],
            "restrictions": []
          },
          "sensitive_attributes": [],
          "private": "bnVsbA=="
        }
      ]
    },
    {
      "mode": "managed",
      "type": "github_branch_protection_v3",
      "name": "branch_protection_p6-cdktf-github-p6m7g8",
      "provider": "provider[\"registry.terraform.io/integrations/github\"]",
      "instances": [
        {
          "schema_version": 0,
          "attributes": {
            "branch": "main",
            "enforce_admins": true,
            "etag": "W/\"8694ec43ddc0d21d700c2815f3c0c59da3dd072d4c99b2b42c3f3d6fba0e73f7\"",
            "id": "p6-cdktf-github-p6m7g8:main",
            "repository": "p6-cdktf-github-p6m7g8",
            "require_conversation_resolution": false,
            "require_signed_commits": false,
            "required_pull_request_reviews": [],
            "required_status_checks": [
              {
                "checks": [],
                "contexts": [],
                "include_admins": false,
                "strict": true
              }
            ],
            "restrictions": []
          },
          "sensitive_attributes": [],
          "private": "bnVsbA=="
        }
      ]
    },
    {
      "mode": "managed",
      "type": "github_branch_protection_v3",
      "name": "branch_protection_p6-cirrus",
      "provider": "provider[\"registry.terraform.io/integrations/github\"]",
      "instances": [
        {
          "schema_version": 0,
          "attributes": {
            "branch": "main",
            "enforce_admins": true,
            "etag": "W/\"ddc9ca4781831d2f17e823909a8bc6cd74a8137744331a9f2c7d21eb98a8f0a5\"",
            "id": "p6-cirrus:main",
            "repository": "p6-cirrus",
            "require_conversation_resolution": false,
            "require_signed_commits": false,
            "required_pull_request_reviews": [],
            "required_status_checks": [
              {
                "checks": [],
                "contexts": [],
                "include_admins": false,
                "strict": true
              }
            ],
            "restrictions": []
          },
          "sensitive_attributes": [],
          "private": "bnVsbA=="
        }
      ]
    },
    {
      "mode": "managed",
      "type": "github_branch_protection_v3",
      "name": "branch_protection_p6-domain-records",
      "provider": "provider[\"registry.terraform.io/integrations/github\"]",
      "instances": [
        {
          "schema_version": 0,
          "attributes": {
            "branch": "main",
            "enforce_admins": true,
            "etag": "W/\"4be546df87306004d3847b09cea04db2f04de58d16d84c6f303c74ccefd0d287\"",
            "id": "p6-domain-records:main",
            "repository": "p6-domain-records",
            "require_conversation_resolution": false,
            "require_signed_commits": false,
            "required_pull_request_reviews": [],
            "required_status_checks": [
              {
                "checks": [],
                "contexts": [],
                "include_admins": false,
                "strict": true
              }
            ],
            "restrictions": []
          },
          "sensitive_attributes": [],
          "private": "bnVsbA=="
        }
      ]
    },
    {
      "mode": "managed",
      "type": "github_branch_protection_v3",
      "name": "branch_protection_p6-domains",
      "provider": "provider[\"registry.terraform.io/integrations/github\"]",
      "instances": [
        {
          "schema_version": 0,
          "attributes": {
            "branch": "main",
            "enforce_admins": true,
            "etag": "W/\"1ab7b45cf387d2bb5949c4519501d8b195b758b48006dae2a220a6f2b8e5ea7a\"",
            "id": "p6-domains:main",
            "repository": "p6-domains",
            "require_conversation_resolution": false,
            "require_signed_commits": false,
            "required_pull_request_reviews": [],
            "required_status_checks": [
              {
                "checks": [],
                "contexts": [],
                "include_admins": false,
                "strict": true
              }
            ],
            "restrictions": []
          },
          "sensitive_attributes": [],
          "private": "bnVsbA=="
        }
      ]
    },
    {
      "mode": "managed",
      "type": "github_branch_protection_v3",
      "name": "branch_protection_p6-go-craps",
      "provider": "provider[\"registry.terraform.io/integrations/github\"]",
      "instances": [
        {
          "schema_version": 0,
          "attributes": {
            "branch": "main",
            "enforce_admins": true,
            "etag": "W/\"173c9da617b3309ed04cac502feceb99ea0634f283dbc04c92d0471708080820\"",
            "id": "p6-go-craps:main",
            "repository": "p6-go-craps",
            "require_conversation_resolution": false,
            "require_signed_commits": false,
            "required_pull_request_reviews": [],
            "required_status_checks": [
              {
                "checks": [],
                "contexts": [],
                "include_admins": false,
                "strict": true
              }
            ],
            "restrictions": []
          },
          "sensitive_attributes": [],
          "private": "bnVsbA=="
        }
      ]
    },
    {
      "mode": "managed",
      "type": "github_branch_protection_v3",
      "name": "branch_protection_p6-projen-ts-craps",
      "provider": "provider[\"registry.terraform.io/integrations/github\"]",
      "instances": [
        {
          "schema_version": 0,
          "attributes": {
            "branch": "main",
            "enforce_admins": true,
            "etag": "W/\"77fb766ea7980845d4d51473267a1f79970f1c11f17b9770180b2838f551d858\"",
            "id": "p6-projen-ts-craps:main",
            "repository": "p6-projen-ts-craps",
            "require_conversation_resolution": false,
            "require_signed_commits": false,
            "required_pull_request_reviews": [],
            "required_status_checks": [
              {
                "checks": [],
                "contexts": [],
                "include_admins": false,
                "strict": true
              }
            ],
            "restrictions": []
          },
          "sensitive_attributes": [],
          "private": "bnVsbA=="
        }
      ]
    },
    {
      "mode": "managed",
      "type": "github_branch_protection_v3",
      "name": "branch_protection_p6-py-craps",
      "provider": "provider[\"registry.terraform.io/integrations/github\"]",
      "instances": [
        {
          "schema_version": 0,
          "attributes": {
            "branch": "main",
            "enforce_admins": true,
            "etag": "W/\"68f42cfd598730f9b5ba56de6144c3f94750747242abe7edd18f91b6a87a2231\"",
            "id": "p6-py-craps:main",
            "repository": "p6-py-craps",
            "require_conversation_resolution": false,
            "require_signed_commits": false,
            "required_pull_request_reviews": [],
            "required_status_checks": [
              {
                "checks": [],
                "contexts": [],
                "include_admins": false,
                "strict": true
              }
            ],
            "restrictions": []
          },
          "sensitive_attributes": [],
          "private": "bnVsbA=="
        }
      ]
    },
    {
      "mode": "managed",
      "type": "github_branch_protection_v3",
      "name": "branch_protection_p6-rails-craps",
      "provider": "provider[\"registry.terraform.io/integrations/github\"]",
      "instances": [
        {
          "schema_version": 0,
          "attributes": {
            "branch": "main",
            "enforce_admins": true,
            "etag": "W/\"e6d8297e2c2879b1cba2d56f90c565b157e6471a2141b67cd94acf2c77f440a9\"",
            "id": "p6-rails-craps:main",
            "repository": "p6-rails-craps",
            "require_conversation_resolution": false,
            "require_signed_commits": false,
            "required_pull_request_reviews": [],
            "required_status_checks": [
              {
                "checks": [],
                "contexts": [],
                "include_admins": false,
                "strict": true
              }
            ],
            "restrictions": []
          },
          "sensitive_attributes": [],
          "private": "bnVsbA=="
        }
      ]
    },
    {
      "mode": "managed",
      "type": "github_branch_protection_v3",
      "name": "branch_protection_p6-rb-craps",
      "provider": "provider[\"registry.terraform.io/integrations/github\"]",
      "instances": [
        {
          "schema_version": 0,
          "attributes": {
            "branch": "main",
            "enforce_admins": true,
            "etag": "W/\"9d88d9013d1b48d1e39d04fc1dd0ebb547001a9c1d23557c134edf42087eb495\"",
            "id": "p6-rb-craps:main",
            "repository": "p6-rb-craps",
            "require_conversation_resolution": false,
            "require_signed_commits": false,
            "required_pull_request_reviews": [],
            "required_status_checks": [
              {
                "checks": [],
                "contexts": [],
                "include_admins": false,
                "strict": true
              }
            ],
            "restrictions": []
          },
          "sensitive_attributes": [],
          "private": "bnVsbA=="
        }
      ]
    },
    {
      "mode": "managed",
      "type": "github_branch_protection_v3",
      "name": "branch_protection_p6-rust-craps",
      "provider": "provider[\"registry.terraform.io/integrations/github\"]",
      "instances": [
        {
          "schema_version": 0,
          "attributes": {
            "branch": "main",
            "enforce_admins": true,
            "etag": "W/\"6ab3e456cc810b62f59382fb64171fa0a081cf9ba409928a05f97b73b85aa6a7\"",
            "id": "p6-rust-craps:main",
            "repository": "p6-rust-craps",
            "require_conversation_resolution": false,
            "require_signed_commits": false,
            "required_pull_request_reviews": [],
            "required_status_checks": [
              {
                "checks": [],
                "contexts": [],
                "include_admins": false,
                "strict": true
              }
            ],
            "restrictions": []
          },
          "sensitive_attributes": [],
          "private": "bnVsbA=="
        }
      ]
    },
    {
      "mode": "managed",
      "type": "github_branch_protection_v3",
      "name": "branch_protection_p6-slab-graphql-schema",
      "provider": "provider[\"registry.terraform.io/integrations/github\"]",
      "instances": [
        {
          "schema_version": 0,
          "attributes": {
            "branch": "main",
            "enforce_admins": true,
            "etag": "W/\"d82bd8d273bce96e9006bd54bfd970200cb1e3b8f993c34c55672ab0189dd329\"",
            "id": "p6-slab-graphql-schema:main",
            "repository": "p6-slab-graphql-schema",
            "require_conversation_resolution": false,
            "require_signed_commits": false,
            "required_pull_request_reviews": [],
            "required_status_checks": [
              {
                "checks": [],
                "contexts": [],
                "include_admins": false,
                "strict": true
              }
            ],
            "restrictions": []
          },
          "sensitive_attributes": [],
          "private": "bnVsbA=="
        }
      ]
    },
    {
      "mode": "managed",
      "type": "github_branch_protection_v3",
      "name": "branch_protection_p6-ts-craps",
      "provider": "provider[\"registry.terraform.io/integrations/github\"]",
      "instances": [
        {
          "schema_version": 0,
          "attributes": {
            "branch": "main",
            "enforce_admins": true,
            "etag": "W/\"33e092b5e21041f3eb8ca7638f2c5a5f38194300bb1bc15c6968e62dac7efca3\"",
            "id": "p6-ts-craps:main",
            "repository": "p6-ts-craps",
            "require_conversation_resolution": false,
            "require_signed_commits": false,
            "required_pull_request_reviews": [],
            "required_status_checks": [
              {
                "checks": [],
                "contexts": [],
                "include_admins": false,
                "strict": true
              }
            ],
            "restrictions": []
          },
          "sensitive_attributes": [],
          "private": "bnVsbA=="
        }
      ]
    },
    {
      "mode": "managed",
      "type": "github_branch_protection_v3",
      "name": "branch_protection_p6-zsh-cdktf-plugin",
      "provider": "provider[\"registry.terraform.io/integrations/github\"]",
      "instances": [
        {
          "schema_version": 0,
          "attributes": {
            "branch": "main",
            "enforce_admins": true,
            "etag": "W/\"dc08e53d9f833aeb775b30da94cd99885de8a29919f2beee79ac99c60457bb28\"",
            "id": "p6-zsh-cdktf-plugin:main",
            "repository": "p6-zsh-cdktf-plugin",
            "require_conversation_resolution": false,
            "require_signed_commits": false,
            "required_pull_request_reviews": [],
            "required_status_checks": [
              {
                "checks": [],
                "contexts": [],
                "include_admins": false,
                "strict": true
              }
            ],
            "restrictions": []
          },
          "sensitive_attributes": [],
          "private": "bnVsbA=="
        }
      ]
    },
    {
      "mode": "managed",
      "type": "github_branch_protection_v3",
      "name": "branch_protection_p6-zsh-projen-plugin",
      "provider": "provider[\"registry.terraform.io/integrations/github\"]",
      "instances": [
        {
          "schema_version": 0,
          "attributes": {
            "branch": "main",
            "enforce_admins": true,
            "etag": "W/\"42dfee4cad24ff92f220007826873c4dc80a774b5f85b2ee00535424950368f3\"",
            "id": "p6-zsh-projen-plugin:main",
            "repository": "p6-zsh-projen-plugin",
            "require_conversation_resolution": false,
            "require_signed_commits": false,
            "required_pull_request_reviews": [],
            "required_status_checks": [
              {
                "checks": [],
                "contexts": [],
                "include_admins": false,
                "strict": true
              }
            ],
            "restrictions": []
          },
          "sensitive_attributes": [],
          "private": "bnVsbA=="
        }
      ]
    },
    {
      "mode": "managed",
      "type": "github_branch_protection_v3",
      "name": "branch_protection_p6-zsh-sam-plugin",
      "provider": "provider[\"registry.terraform.io/integrations/github\"]",
      "instances": [
        {
          "schema_version": 0,
          "attributes": {
            "branch": "main",
            "enforce_admins": true,
            "etag": "W/\"ac48282ddc09110712e410127a5491c2d361ed8c0f8b5030cc879135c903cd3e\"",
            "id": "p6-zsh-sam-plugin:main",
            "repository": "p6-zsh-sam-plugin",
            "require_conversation_resolution": false,
            "require_signed_commits": false,
            "required_pull_request_reviews": [],
            "required_status_checks": [
              {
                "checks": [],
                "contexts": [],
                "include_admins": false,
                "strict": true
              }
            ],
            "restrictions": []
          },
          "sensitive_attributes": [],
          "private": "bnVsbA=="
        }
      ]
    },
    {
      "mode": "managed",
      "type": "github_branch_protection_v3",
      "name": "branch_protection_p6m7g8githubio",
      "provider": "provider[\"registry.terraform.io/integrations/github\"]",
      "instances": [
        {
          "schema_version": 0,
          "attributes": {
            "branch": "main",
            "enforce_admins": true,
            "etag": "W/\"ede3f28a0735885ba54641004fd0ea7eb971ec509ada9de56089e059d58ad2d2\"",
            "id": "p6m7g8.github.io:main",
            "repository": "p6m7g8.github.io",
            "require_conversation_resolution": false,
            "require_signed_commits": false,
            "required_pull_request_reviews": [],
            "required_status_checks": [
              {
                "checks": [],
                "contexts": [],
                "include_admins": false,
                "strict": true
              }
            ],
            "restrictions": []
          },
          "sensitive_attributes": [],
          "private": "bnVsbA=="
        }
      ]
    },
    {
      "mode": "managed",
      "type": "github_repository",
      "name": "github",
      "provider": "provider[\"registry.terraform.io/integrations/github\"]",
      "instances": [
        {
          "schema_version": 1,
          "attributes": {
            "allow_auto_merge": true,
            "allow_merge_commit": true,
            "allow_rebase_merge": true,
            "allow_squash_merge": true,
            "allow_update_branch": false,
            "archive_on_destroy": true,
            "archived": false,
            "auto_init": null,
            "default_branch": "main",
            "delete_branch_on_merge": true,
            "description": "P6M7G8 .github",
            "etag": "W/\"295393b34489457f3b087e725b52c0d230a3acd554893ff9d6a527bd0664e408\"",
            "full_name": "p6m7g8/.github",
            "git_clone_url": "git://github.com/p6m7g8/.github.git",
            "gitignore_template": null,
            "has_discussions": true,
            "has_downloads": false,
            "has_issues": true,
            "has_projects": true,
            "has_wiki": false,
            "homepage_url": "https://p6m7g8.github.io/p6m7g8/.github",
            "html_url": "https://github.com/p6m7g8/.github",
            "http_clone_url": "https://github.com/p6m7g8/.github.git",
            "id": ".github",
            "ignore_vulnerability_alerts_during_read": null,
            "is_template": false,
            "license_template": "apache-2.0",
            "merge_commit_message": "PR_TITLE",
            "merge_commit_title": "MERGE_MESSAGE",
            "name": ".github",
            "node_id": "R_kgDOJrRU2g",
            "pages": [],
            "private": false,
            "repo_id": 649352410,
            "security_and_analysis": [
              {
                "advanced_security": [],
                "secret_scanning": [
                  {
                    "status": "disabled"
                  }
                ],
                "secret_scanning_push_protection": [
                  {
                    "status": "disabled"
                  }
                ]
              }
            ],
            "squash_merge_commit_message": "COMMIT_MESSAGES",
            "squash_merge_commit_title": "COMMIT_OR_PR_TITLE",
            "ssh_clone_url": "git@github.com:p6m7g8/.github.git",
            "svn_url": "https://github.com/p6m7g8/.github",
            "template": [],
            "topics": [
              "github",
              "organization",
              "p6",
              "p6m7g8",
              "profile",
              "readme"
            ],
            "visibility": "public",
            "vulnerability_alerts": true
          },
          "sensitive_attributes": [],
          "private": "eyJzY2hlbWFfdmVyc2lvbiI6IjEifQ=="
        }
      ]
    },
    {
      "mode": "managed",
      "type": "github_repository",
      "name": "p6-cdk-github-cve-alerter",
      "provider": "provider[\"registry.terraform.io/integrations/github\"]",
      "instances": [
        {
          "schema_version": 1,
          "attributes": {
            "allow_auto_merge": true,
            "allow_merge_commit": true,
            "allow_rebase_merge": true,
            "allow_squash_merge": true,
            "allow_update_branch": false,
            "archive_on_destroy": true,
            "archived": false,
            "auto_init": null,
            "default_branch": "main",
            "delete_branch_on_merge": true,
            "description": "P6M7G8 p6m7g8/p6-cdk-github-cve-alerter",
            "etag": "W/\"a0ac0c8c35cc714b598382618465e0fba07c12f16083ca16cfcdd75f6d9017b9\"",
            "full_name": "p6m7g8/p6-cdk-github-cve-alerter",
            "git_clone_url": "git://github.com/p6m7g8/p6-cdk-github-cve-alerter.git",
            "gitignore_template": null,
            "has_discussions": true,
            "has_downloads": false,
            "has_issues": true,
            "has_projects": true,
            "has_wiki": false,
            "homepage_url": "https://p6m7g8.github.io/p6m7g8/p6-cdk-github-cve-alerter",
            "html_url": "https://github.com/p6m7g8/p6-cdk-github-cve-alerter",
            "http_clone_url": "https://github.com/p6m7g8/p6-cdk-github-cve-alerter.git",
            "id": "p6-cdk-github-cve-alerter",
            "ignore_vulnerability_alerts_during_read": null,
            "is_template": false,
            "license_template": "apache-2.0",
            "merge_commit_message": "PR_TITLE",
            "merge_commit_title": "MERGE_MESSAGE",
            "name": "p6-cdk-github-cve-alerter",
            "node_id": "R_kgDOJrPZPQ",
            "pages": [],
            "private": false,
            "repo_id": 649320765,
            "security_and_analysis": [
              {
                "advanced_security": [],
                "secret_scanning": [
                  {
                    "status": "disabled"
                  }
                ],
                "secret_scanning_push_protection": [
                  {
                    "status": "disabled"
                  }
                ]
              }
            ],
            "squash_merge_commit_message": "COMMIT_MESSAGES",
            "squash_merge_commit_title": "COMMIT_OR_PR_TITLE",
            "ssh_clone_url": "git@github.com:p6m7g8/p6-cdk-github-cve-alerter.git",
            "svn_url": "https://github.com/p6m7g8/p6-cdk-github-cve-alerter",
            "template": [],
            "topics": [
              "cdk",
              "cve",
              "github",
              "p6",
              "p6m7g8",
              "typescript"
            ],
            "visibility": "public",
            "vulnerability_alerts": true
          },
          "sensitive_attributes": [],
          "private": "eyJzY2hlbWFfdmVyc2lvbiI6IjEifQ=="
        }
      ]
    },
    {
      "mode": "managed",
      "type": "github_repository",
      "name": "p6-cdk-gollucciio",
      "provider": "provider[\"registry.terraform.io/integrations/github\"]",
      "instances": [
        {
          "schema_version": 1,
          "attributes": {
            "allow_auto_merge": true,
            "allow_merge_commit": true,
            "allow_rebase_merge": true,
            "allow_squash_merge": true,
            "allow_update_branch": false,
            "archive_on_destroy": true,
            "archived": false,
            "auto_init": null,
            "default_branch": "main",
            "delete_branch_on_merge": true,
            "description": "P6M7G8 p6m7g8/p6-cdk-gollucci.io",
            "etag": "W/\"744f963b15e98099677e02dcb1ba9ccb0aa9a54cbb699039608c068fbf30278e\"",
            "full_name": "p6m7g8/p6-cdk-gollucci.io",
            "git_clone_url": "git://github.com/p6m7g8/p6-cdk-gollucci.io.git",
            "gitignore_template": null,
            "has_discussions": true,
            "has_downloads": false,
            "has_issues": true,
            "has_projects": true,
            "has_wiki": false,
            "homepage_url": "https://p6m7g8.github.io/p6m7g8/p6-cdk-gollucci.io",
            "html_url": "https://github.com/p6m7g8/p6-cdk-gollucci.io",
            "http_clone_url": "https://github.com/p6m7g8/p6-cdk-gollucci.io.git",
            "id": "p6-cdk-gollucci.io",
            "ignore_vulnerability_alerts_during_read": null,
            "is_template": false,
            "license_template": "apache-2.0",
            "merge_commit_message": "PR_TITLE",
            "merge_commit_title": "MERGE_MESSAGE",
            "name": "p6-cdk-gollucci.io",
            "node_id": "R_kgDOJrPQXw",
            "pages": [],
            "private": false,
            "repo_id": 649318495,
            "security_and_analysis": [
              {
                "advanced_security": [],
                "secret_scanning": [
                  {
                    "status": "disabled"
                  }
                ],
                "secret_scanning_push_protection": [
                  {
                    "status": "disabled"
                  }
                ]
              }
            ],
            "squash_merge_commit_message": "COMMIT_MESSAGES",
            "squash_merge_commit_title": "COMMIT_OR_PR_TITLE",
            "ssh_clone_url": "git@github.com:p6m7g8/p6-cdk-gollucci.io.git",
            "svn_url": "https://github.com/p6m7g8/p6-cdk-gollucci.io",
            "template": [],
            "topics": [
              "cdk",
              "nextjs",
              "p6",
              "p6m7g8",
              "typescript"
            ],
            "visibility": "public",
            "vulnerability_alerts": true
          },
          "sensitive_attributes": [],
          "private": "eyJzY2hlbWFfdmVyc2lvbiI6IjEifQ=="
        }
      ]
    },
    {
      "mode": "managed",
      "type": "github_repository",
      "name": "p6-cdk-landing-zone",
      "provider": "provider[\"registry.terraform.io/integrations/github\"]",
      "instances": [
        {
          "schema_version": 1,
          "attributes": {
            "allow_auto_merge": true,
            "allow_merge_commit": true,
            "allow_rebase_merge": true,
            "allow_squash_merge": true,
            "allow_update_branch": false,
            "archive_on_destroy": true,
            "archived": false,
            "auto_init": null,
            "default_branch": "main",
            "delete_branch_on_merge": true,
            "description": "P6M7G8 p6m7g8/p6-cdk-landing-zone",
            "etag": "W/\"0b7e19ee5d98b2d7bec2377307d11811c761c231543cbd94778b8084ed844588\"",
            "full_name": "p6m7g8/p6-cdk-landing-zone",
            "git_clone_url": "git://github.com/p6m7g8/p6-cdk-landing-zone.git",
            "gitignore_template": null,
            "has_discussions": true,
            "has_downloads": false,
            "has_issues": true,
            "has_projects": true,
            "has_wiki": false,
            "homepage_url": "https://p6m7g8.github.io/p6m7g8/p6-cdk-landing-zone",
            "html_url": "https://github.com/p6m7g8/p6-cdk-landing-zone",
            "http_clone_url": "https://github.com/p6m7g8/p6-cdk-landing-zone.git",
            "id": "p6-cdk-landing-zone",
            "ignore_vulnerability_alerts_during_read": null,
            "is_template": false,
            "license_template": "apache-2.0",
            "merge_commit_message": "PR_TITLE",
            "merge_commit_title": "MERGE_MESSAGE",
            "name": "p6-cdk-landing-zone",
            "node_id": "R_kgDOJrPafw",
            "pages": [],
            "private": false,
            "repo_id": 649321087,
            "security_and_analysis": [
              {
                "advanced_security": [],
                "secret_scanning": [
                  {
                    "status": "disabled"
                  }
                ],
                "secret_scanning_push_protection": [
                  {
                    "status": "disabled"
                  }
                ]
              }
            ],
            "squash_merge_commit_message": "COMMIT_MESSAGES",
            "squash_merge_commit_title": "COMMIT_OR_PR_TITLE",
            "ssh_clone_url": "git@github.com:p6m7g8/p6-cdk-landing-zone.git",
            "svn_url": "https://github.com/p6m7g8/p6-cdk-landing-zone",
            "template": [],
            "topics": [
              "accelerator",
              "aws",
              "cdk",
              "landingzone",
              "p6",
              "p6m7g8",
              "typescript"
            ],
            "visibility": "public",
            "vulnerability_alerts": true
          },
          "sensitive_attributes": [],
          "private": "eyJzY2hlbWFfdmVyc2lvbiI6IjEifQ=="
        }
      ]
    },
    {
      "mode": "managed",
      "type": "github_repository",
      "name": "p6-cdktf-github-p6m7g8",
      "provider": "provider[\"registry.terraform.io/integrations/github\"]",
      "instances": [
        {
          "schema_version": 1,
          "attributes": {
            "allow_auto_merge": true,
            "allow_merge_commit": true,
            "allow_rebase_merge": true,
            "allow_squash_merge": true,
            "allow_update_branch": false,
            "archive_on_destroy": true,
            "archived": false,
            "auto_init": null,
            "default_branch": "main",
            "delete_branch_on_merge": true,
            "description": "P6M7G8 p6m7g8/p6-cdktf-github-p6m7g8",
            "etag": "W/\"c99154fefc54cd969231d70656dbe3feb707d5daab43643282f037dcf1a879ac\"",
            "full_name": "p6m7g8/p6-cdktf-github-p6m7g8",
            "git_clone_url": "git://github.com/p6m7g8/p6-cdktf-github-p6m7g8.git",
            "gitignore_template": null,
            "has_discussions": true,
            "has_downloads": false,
            "has_issues": true,
            "has_projects": true,
            "has_wiki": false,
            "homepage_url": "https://p6m7g8.github.io/p6m7g8/p6-cdktf-github-p6m7g8",
            "html_url": "https://github.com/p6m7g8/p6-cdktf-github-p6m7g8",
            "http_clone_url": "https://github.com/p6m7g8/p6-cdktf-github-p6m7g8.git",
            "id": "p6-cdktf-github-p6m7g8",
            "ignore_vulnerability_alerts_during_read": null,
            "is_template": false,
            "license_template": "apache-2.0",
            "merge_commit_message": "PR_TITLE",
            "merge_commit_title": "MERGE_MESSAGE",
            "name": "p6-cdktf-github-p6m7g8",
            "node_id": "R_kgDOJrPcZQ",
            "pages": [],
            "private": false,
            "repo_id": 649321573,
            "security_and_analysis": [
              {
                "advanced_security": [],
                "secret_scanning": [
                  {
                    "status": "disabled"
                  }
                ],
                "secret_scanning_push_protection": [
                  {
                    "status": "disabled"
                  }
                ]
              }
            ],
            "squash_merge_commit_message": "COMMIT_MESSAGES",
            "squash_merge_commit_title": "COMMIT_OR_PR_TITLE",
            "ssh_clone_url": "git@github.com:p6m7g8/p6-cdktf-github-p6m7g8.git",
            "svn_url": "https://github.com/p6m7g8/p6-cdktf-github-p6m7g8",
            "template": [],
            "topics": [
              "cdktf",
              "github",
              "p6",
              "p6m7g8",
              "terraform",
              "typescript"
            ],
            "visibility": "public",
            "vulnerability_alerts": true
          },
          "sensitive_attributes": [],
          "private": "eyJzY2hlbWFfdmVyc2lvbiI6IjEifQ=="
        }
      ]
    },
    {
      "mode": "managed",
      "type": "github_repository",
      "name": "p6-cirrus",
      "provider": "provider[\"registry.terraform.io/integrations/github\"]",
      "instances": [
        {
          "schema_version": 1,
          "attributes": {
            "allow_auto_merge": true,
            "allow_merge_commit": true,
            "allow_rebase_merge": true,
            "allow_squash_merge": true,
            "allow_update_branch": false,
            "archive_on_destroy": true,
            "archived": false,
            "auto_init": null,
            "default_branch": "main",
            "delete_branch_on_merge": true,
            "description": "P6M7G8 p6m7g8/p6-cirrus",
            "etag": "W/\"aa9a97678140660f1b0326ace6ff2cdd6873239bfb34713f3edb92095591e28c\"",
            "full_name": "p6m7g8/p6-cirrus",
            "git_clone_url": "git://github.com/p6m7g8/p6-cirrus.git",
            "gitignore_template": null,
            "has_discussions": true,
            "has_downloads": false,
            "has_issues": true,
            "has_projects": true,
            "has_wiki": false,
            "homepage_url": "https://p6m7g8.github.io/p6m7g8/p6-cirrus",
            "html_url": "https://github.com/p6m7g8/p6-cirrus",
            "http_clone_url": "https://github.com/p6m7g8/p6-cirrus.git",
            "id": "p6-cirrus",
            "ignore_vulnerability_alerts_during_read": null,
            "is_template": false,
            "license_template": "apache-2.0",
            "merge_commit_message": "PR_TITLE",
            "merge_commit_title": "MERGE_MESSAGE",
            "name": "p6-cirrus",
            "node_id": "R_kgDOHDCmJQ",
            "pages": [],
            "private": false,
            "repo_id": 472950309,
            "security_and_analysis": [
              {
                "advanced_security": [],
                "secret_scanning": [
                  {
                    "status": "disabled"
                  }
                ],
                "secret_scanning_push_protection": [
                  {
                    "status": "disabled"
                  }
                ]
              }
            ],
            "squash_merge_commit_message": "COMMIT_MESSAGES",
            "squash_merge_commit_title": "COMMIT_OR_PR_TITLE",
            "ssh_clone_url": "git@github.com:p6m7g8/p6-cirrus.git",
            "svn_url": "https://github.com/p6m7g8/p6-cirrus",
            "template": [],
            "topics": [
              "bash",
              "cli",
              "dotfiles",
              "p6",
              "p6m7g8",
              "sh",
              "shell",
              "zsh"
            ],
            "visibility": "public",
            "vulnerability_alerts": true
          },
          "sensitive_attributes": [],
          "private": "eyJzY2hlbWFfdmVyc2lvbiI6IjEifQ=="
        }
      ]
    },
    {
      "mode": "managed",
      "type": "github_repository",
      "name": "p6-domain-records",
      "provider": "provider[\"registry.terraform.io/integrations/github\"]",
      "instances": [
        {
          "schema_version": 1,
          "attributes": {
            "allow_auto_merge": true,
            "allow_merge_commit": true,
            "allow_rebase_merge": true,
            "allow_squash_merge": true,
            "allow_update_branch": false,
            "archive_on_destroy": true,
            "archived": false,
            "auto_init": null,
            "default_branch": "main",
            "delete_branch_on_merge": true,
            "description": "P6M7G8 p6m7g8/p6-domain-records",
            "etag": "W/\"dae0bd26318b7179d2d6e681b077b3df33f9dafa0d9a2546d5bbda78a61e4931\"",
            "full_name": "p6m7g8/p6-domain-records",
            "git_clone_url": "git://github.com/p6m7g8/p6-domain-records.git",
            "gitignore_template": null,
            "has_discussions": true,
            "has_downloads": false,
            "has_issues": true,
            "has_projects": true,
            "has_wiki": false,
            "homepage_url": "https://p6m7g8.github.io/p6m7g8/p6-domain-records",
            "html_url": "https://github.com/p6m7g8/p6-domain-records",
            "http_clone_url": "https://github.com/p6m7g8/p6-domain-records.git",
            "id": "p6-domain-records",
            "ignore_vulnerability_alerts_during_read": null,
            "is_template": false,
            "license_template": "apache-2.0",
            "merge_commit_message": "PR_TITLE",
            "merge_commit_title": "MERGE_MESSAGE",
            "name": "p6-domain-records",
            "node_id": "R_kgDOJrPo1Q",
            "pages": [],
            "private": false,
            "repo_id": 649324757,
            "security_and_analysis": [
              {
                "advanced_security": [],
                "secret_scanning": [
                  {
                    "status": "disabled"
                  }
                ],
                "secret_scanning_push_protection": [
                  {
                    "status": "disabled"
                  }
                ]
              }
            ],
            "squash_merge_commit_message": "COMMIT_MESSAGES",
            "squash_merge_commit_title": "COMMIT_OR_PR_TITLE",
            "ssh_clone_url": "git@github.com:p6m7g8/p6-domain-records.git",
            "svn_url": "https://github.com/p6m7g8/p6-domain-records",
            "template": [],
            "topics": [
              "aws",
              "cdk",
              "p6",
              "p6m7g8",
              "route53",
              "typescript"
            ],
            "visibility": "public",
            "vulnerability_alerts": true
          },
          "sensitive_attributes": [],
          "private": "eyJzY2hlbWFfdmVyc2lvbiI6IjEifQ=="
        }
      ]
    },
    {
      "mode": "managed",
      "type": "github_repository",
      "name": "p6-domains",
      "provider": "provider[\"registry.terraform.io/integrations/github\"]",
      "instances": [
        {
          "schema_version": 1,
          "attributes": {
            "allow_auto_merge": true,
            "allow_merge_commit": true,
            "allow_rebase_merge": true,
            "allow_squash_merge": true,
            "allow_update_branch": false,
            "archive_on_destroy": true,
            "archived": false,
            "auto_init": null,
            "default_branch": "main",
            "delete_branch_on_merge": true,
            "description": "P6M7G8 p6m7g8/p6-domains",
            "etag": "W/\"ea0cf82194a071ed95a7ca7f9d856d433abb99b3c1febdac5b64674c3012ea90\"",
            "full_name": "p6m7g8/p6-domains",
            "git_clone_url": "git://github.com/p6m7g8/p6-domains.git",
            "gitignore_template": null,
            "has_discussions": true,
            "has_downloads": false,
            "has_issues": true,
            "has_projects": true,
            "has_wiki": false,
            "homepage_url": "https://p6m7g8.github.io/p6m7g8/p6-domains",
            "html_url": "https://github.com/p6m7g8/p6-domains",
            "http_clone_url": "https://github.com/p6m7g8/p6-domains.git",
            "id": "p6-domains",
            "ignore_vulnerability_alerts_during_read": null,
            "is_template": false,
            "license_template": "apache-2.0",
            "merge_commit_message": "PR_TITLE",
            "merge_commit_title": "MERGE_MESSAGE",
            "name": "p6-domains",
            "node_id": "R_kgDOJrPozg",
            "pages": [],
            "private": false,
            "repo_id": 649324750,
            "security_and_analysis": [
              {
                "advanced_security": [],
                "secret_scanning": [
                  {
                    "status": "disabled"
                  }
                ],
                "secret_scanning_push_protection": [
                  {
                    "status": "disabled"
                  }
                ]
              }
            ],
            "squash_merge_commit_message": "COMMIT_MESSAGES",
            "squash_merge_commit_title": "COMMIT_OR_PR_TITLE",
            "ssh_clone_url": "git@github.com:p6m7g8/p6-domains.git",
            "svn_url": "https://github.com/p6m7g8/p6-domains",
            "template": [],
            "topics": [
              "aws",
              "cdk",
              "p6",
              "p6m7g8",
              "route53",
              "typescript"
            ],
            "visibility": "public",
            "vulnerability_alerts": true
          },
          "sensitive_attributes": [],
          "private": "eyJzY2hlbWFfdmVyc2lvbiI6IjEifQ=="
        }
      ]
    },
    {
      "mode": "managed",
      "type": "github_repository",
      "name": "p6-go-craps",
      "provider": "provider[\"registry.terraform.io/integrations/github\"]",
      "instances": [
        {
          "schema_version": 1,
          "attributes": {
            "allow_auto_merge": true,
            "allow_merge_commit": true,
            "allow_rebase_merge": true,
            "allow_squash_merge": true,
            "allow_update_branch": false,
            "archive_on_destroy": true,
            "archived": false,
            "auto_init": null,
            "default_branch": "main",
            "delete_branch_on_merge": true,
            "description": "P6M7G8 p6m7g8/p6-go-craps",
            "etag": "W/\"3c4149ab0116458ee1244b8012a15140709da66db303add66322e0e71de6cdc2\"",
            "full_name": "p6m7g8/p6-go-craps",
            "git_clone_url": "git://github.com/p6m7g8/p6-go-craps.git",
            "gitignore_template": null,
            "has_discussions": true,
            "has_downloads": false,
            "has_issues": true,
            "has_projects": true,
            "has_wiki": false,
            "homepage_url": "https://p6m7g8.github.io/p6m7g8/p6-go-craps",
            "html_url": "https://github.com/p6m7g8/p6-go-craps",
            "http_clone_url": "https://github.com/p6m7g8/p6-go-craps.git",
            "id": "p6-go-craps",
            "ignore_vulnerability_alerts_during_read": null,
            "is_template": false,
            "license_template": "apache-2.0",
            "merge_commit_message": "PR_TITLE",
            "merge_commit_title": "MERGE_MESSAGE",
            "name": "p6-go-craps",
            "node_id": "R_kgDOJrPsmQ",
            "pages": [],
            "private": false,
            "repo_id": 649325721,
            "security_and_analysis": [
              {
                "advanced_security": [],
                "secret_scanning": [
                  {
                    "status": "disabled"
                  }
                ],
                "secret_scanning_push_protection": [
                  {
                    "status": "disabled"
                  }
                ]
              }
            ],
            "squash_merge_commit_message": "COMMIT_MESSAGES",
            "squash_merge_commit_title": "COMMIT_OR_PR_TITLE",
            "ssh_clone_url": "git@github.com:p6m7g8/p6-go-craps.git",
            "svn_url": "https://github.com/p6m7g8/p6-go-craps",
            "template": [],
            "topics": [
              "craps",
              "go",
              "p6",
              "p6m7g8",
              "stats"
            ],
            "visibility": "public",
            "vulnerability_alerts": true
          },
          "sensitive_attributes": [],
          "private": "eyJzY2hlbWFfdmVyc2lvbiI6IjEifQ=="
        }
      ]
    },
    {
      "mode": "managed",
      "type": "github_repository",
      "name": "p6-projen-ts-craps",
      "provider": "provider[\"registry.terraform.io/integrations/github\"]",
      "instances": [
        {
          "schema_version": 1,
          "attributes": {
            "allow_auto_merge": true,
            "allow_merge_commit": true,
            "allow_rebase_merge": true,
            "allow_squash_merge": true,
            "allow_update_branch": false,
            "archive_on_destroy": true,
            "archived": false,
            "auto_init": null,
            "default_branch": "main",
            "delete_branch_on_merge": true,
            "description": "P6M7G8 p6m7g8/p6-projen-ts-craps",
            "etag": "W/\"d306612537b7d2e16d4dfeb278c0c2d69f575d7558c0214ab1306fcf4a179d5d\"",
            "full_name": "p6m7g8/p6-projen-ts-craps",
            "git_clone_url": "git://github.com/p6m7g8/p6-projen-ts-craps.git",
            "gitignore_template": null,
            "has_discussions": true,
            "has_downloads": false,
            "has_issues": true,
            "has_projects": true,
            "has_wiki": false,
            "homepage_url": "https://p6m7g8.github.io/p6m7g8/p6-projen-ts-craps",
            "html_url": "https://github.com/p6m7g8/p6-projen-ts-craps",
            "http_clone_url": "https://github.com/p6m7g8/p6-projen-ts-craps.git",
            "id": "p6-projen-ts-craps",
            "ignore_vulnerability_alerts_during_read": null,
            "is_template": false,
            "license_template": "apache-2.0",
            "merge_commit_message": "PR_TITLE",
            "merge_commit_title": "MERGE_MESSAGE",
            "name": "p6-projen-ts-craps",
            "node_id": "R_kgDOJrPukA",
            "pages": [],
            "private": false,
            "repo_id": 649326224,
            "security_and_analysis": [
              {
                "advanced_security": [],
                "secret_scanning": [
                  {
                    "status": "disabled"
                  }
                ],
                "secret_scanning_push_protection": [
                  {
                    "status": "disabled"
                  }
                ]
              }
            ],
            "squash_merge_commit_message": "COMMIT_MESSAGES",
            "squash_merge_commit_title": "COMMIT_OR_PR_TITLE",
            "ssh_clone_url": "git@github.com:p6m7g8/p6-projen-ts-craps.git",
            "svn_url": "https://github.com/p6m7g8/p6-projen-ts-craps",
            "template": [],
            "topics": [
              "craps",
              "p6",
              "p6m7g8",
              "projen",
              "stats",
              "typescript"
            ],
            "visibility": "public",
            "vulnerability_alerts": true
          },
          "sensitive_attributes": [],
          "private": "eyJzY2hlbWFfdmVyc2lvbiI6IjEifQ=="
        }
      ]
    },
    {
      "mode": "managed",
      "type": "github_repository",
      "name": "p6-py-craps",
      "provider": "provider[\"registry.terraform.io/integrations/github\"]",
      "instances": [
        {
          "schema_version": 1,
          "attributes": {
            "allow_auto_merge": true,
            "allow_merge_commit": true,
            "allow_rebase_merge": true,
            "allow_squash_merge": true,
            "allow_update_branch": false,
            "archive_on_destroy": true,
            "archived": false,
            "auto_init": null,
            "default_branch": "main",
            "delete_branch_on_merge": true,
            "description": "P6M7G8 p6m7g8/p6-py-craps",
            "etag": "W/\"7e1e51d990b7be246475a8b5698f47a616b56aef51b059e13fb43a6321b1d844\"",
            "full_name": "p6m7g8/p6-py-craps",
            "git_clone_url": "git://github.com/p6m7g8/p6-py-craps.git",
            "gitignore_template": null,
            "has_discussions": true,
            "has_downloads": false,
            "has_issues": true,
            "has_projects": true,
            "has_wiki": false,
            "homepage_url": "https://p6m7g8.github.io/p6m7g8/p6-py-craps",
            "html_url": "https://github.com/p6m7g8/p6-py-craps",
            "http_clone_url": "https://github.com/p6m7g8/p6-py-craps.git",
            "id": "p6-py-craps",
            "ignore_vulnerability_alerts_during_read": null,
            "is_template": false,
            "license_template": "apache-2.0",
            "merge_commit_message": "PR_TITLE",
            "merge_commit_title": "MERGE_MESSAGE",
            "name": "p6-py-craps",
            "node_id": "R_kgDOJrPswA",
            "pages": [],
            "private": false,
            "repo_id": 649325760,
            "security_and_analysis": [
              {
                "advanced_security": [],
                "secret_scanning": [
                  {
                    "status": "disabled"
                  }
                ],
                "secret_scanning_push_protection": [
                  {
                    "status": "disabled"
                  }
                ]
              }
            ],
            "squash_merge_commit_message": "COMMIT_MESSAGES",
            "squash_merge_commit_title": "COMMIT_OR_PR_TITLE",
            "ssh_clone_url": "git@github.com:p6m7g8/p6-py-craps.git",
            "svn_url": "https://github.com/p6m7g8/p6-py-craps",
            "template": [],
            "topics": [
              "craps",
              "p6",
              "p6m7g8",
              "python",
              "stats"
            ],
            "visibility": "public",
            "vulnerability_alerts": true
          },
          "sensitive_attributes": [],
          "private": "eyJzY2hlbWFfdmVyc2lvbiI6IjEifQ=="
        }
      ]
    },
    {
      "mode": "managed",
      "type": "github_repository",
      "name": "p6-rails-craps",
      "provider": "provider[\"registry.terraform.io/integrations/github\"]",
      "instances": [
        {
          "schema_version": 1,
          "attributes": {
            "allow_auto_merge": true,
            "allow_merge_commit": true,
            "allow_rebase_merge": true,
            "allow_squash_merge": true,
            "allow_update_branch": false,
            "archive_on_destroy": true,
            "archived": false,
            "auto_init": null,
            "default_branch": "main",
            "delete_branch_on_merge": true,
            "description": "P6M7G8 p6m7g8/p6-rails-craps",
            "etag": "W/\"70decbc7db500bc0e91471b6d9041a78200ebdb37e84d46c0066ab2f7019a18c\"",
            "full_name": "p6m7g8/p6-rails-craps",
            "git_clone_url": "git://github.com/p6m7g8/p6-rails-craps.git",
            "gitignore_template": null,
            "has_discussions": true,
            "has_downloads": false,
            "has_issues": true,
            "has_projects": true,
            "has_wiki": false,
            "homepage_url": "https://p6m7g8.github.io/p6m7g8/p6-rails-craps",
            "html_url": "https://github.com/p6m7g8/p6-rails-craps",
            "http_clone_url": "https://github.com/p6m7g8/p6-rails-craps.git",
            "id": "p6-rails-craps",
            "ignore_vulnerability_alerts_during_read": null,
            "is_template": false,
            "license_template": "apache-2.0",
            "merge_commit_message": "PR_TITLE",
            "merge_commit_title": "MERGE_MESSAGE",
            "name": "p6-rails-craps",
            "node_id": "R_kgDOJrPs0Q",
            "pages": [],
            "private": false,
            "repo_id": 649325777,
            "security_and_analysis": [
              {
                "advanced_security": [],
                "secret_scanning": [
                  {
                    "status": "disabled"
                  }
                ],
                "secret_scanning_push_protection": [
                  {
                    "status": "disabled"
                  }
                ]
              }
            ],
            "squash_merge_commit_message": "COMMIT_MESSAGES",
            "squash_merge_commit_title": "COMMIT_OR_PR_TITLE",
            "ssh_clone_url": "git@github.com:p6m7g8/p6-rails-craps.git",
            "svn_url": "https://github.com/p6m7g8/p6-rails-craps",
            "template": [],
            "topics": [
              "craps",
              "p6",
              "p6m7g8",
              "rails",
              "ruby",
              "stats"
            ],
            "visibility": "public",
            "vulnerability_alerts": true
          },
          "sensitive_attributes": [],
          "private": "eyJzY2hlbWFfdmVyc2lvbiI6IjEifQ=="
        }
      ]
    },
    {
      "mode": "managed",
      "type": "github_repository",
      "name": "p6-rb-craps",
      "provider": "provider[\"registry.terraform.io/integrations/github\"]",
      "instances": [
        {
          "schema_version": 1,
          "attributes": {
            "allow_auto_merge": true,
            "allow_merge_commit": true,
            "allow_rebase_merge": true,
            "allow_squash_merge": true,
            "allow_update_branch": false,
            "archive_on_destroy": true,
            "archived": false,
            "auto_init": null,
            "default_branch": "main",
            "delete_branch_on_merge": true,
            "description": "P6M7G8 p6m7g8/p6-rb-craps",
            "etag": "W/\"500b2742606c241743b9a812fcab15e95576cac2db54fd2100d6176b7d669269\"",
            "full_name": "p6m7g8/p6-rb-craps",
            "git_clone_url": "git://github.com/p6m7g8/p6-rb-craps.git",
            "gitignore_template": null,
            "has_discussions": true,
            "has_downloads": false,
            "has_issues": true,
            "has_projects": true,
            "has_wiki": false,
            "homepage_url": "https://p6m7g8.github.io/p6m7g8/p6-rb-craps",
            "html_url": "https://github.com/p6m7g8/p6-rb-craps",
            "http_clone_url": "https://github.com/p6m7g8/p6-rb-craps.git",
            "id": "p6-rb-craps",
            "ignore_vulnerability_alerts_during_read": null,
            "is_template": false,
            "license_template": "apache-2.0",
            "merge_commit_message": "PR_TITLE",
            "merge_commit_title": "MERGE_MESSAGE",
            "name": "p6-rb-craps",
            "node_id": "R_kgDOJrPs7Q",
            "pages": [],
            "private": false,
            "repo_id": 649325805,
            "security_and_analysis": [
              {
                "advanced_security": [],
                "secret_scanning": [
                  {
                    "status": "disabled"
                  }
                ],
                "secret_scanning_push_protection": [
                  {
                    "status": "disabled"
                  }
                ]
              }
            ],
            "squash_merge_commit_message": "COMMIT_MESSAGES",
            "squash_merge_commit_title": "COMMIT_OR_PR_TITLE",
            "ssh_clone_url": "git@github.com:p6m7g8/p6-rb-craps.git",
            "svn_url": "https://github.com/p6m7g8/p6-rb-craps",
            "template": [],
            "topics": [
              "craps",
              "p6",
              "p6m7g8",
              "ruby",
              "sorbet",
              "stats"
            ],
            "visibility": "public",
            "vulnerability_alerts": true
          },
          "sensitive_attributes": [],
          "private": "eyJzY2hlbWFfdmVyc2lvbiI6IjEifQ=="
        }
      ]
    },
    {
      "mode": "managed",
      "type": "github_repository",
      "name": "p6-rust-craps",
      "provider": "provider[\"registry.terraform.io/integrations/github\"]",
      "instances": [
        {
          "schema_version": 1,
          "attributes": {
            "allow_auto_merge": true,
            "allow_merge_commit": true,
            "allow_rebase_merge": true,
            "allow_squash_merge": true,
            "allow_update_branch": false,
            "archive_on_destroy": true,
            "archived": false,
            "auto_init": null,
            "default_branch": "main",
            "delete_branch_on_merge": true,
            "description": "P6M7G8 p6m7g8/p6-rust-craps",
            "etag": "W/\"56697c39c7761fdcfd961163930e5a73683ce40949d774773bff97ebfef78e28\"",
            "full_name": "p6m7g8/p6-rust-craps",
            "git_clone_url": "git://github.com/p6m7g8/p6-rust-craps.git",
            "gitignore_template": null,
            "has_discussions": true,
            "has_downloads": false,
            "has_issues": true,
            "has_projects": true,
            "has_wiki": false,
            "homepage_url": "https://p6m7g8.github.io/p6m7g8/p6-rust-craps",
            "html_url": "https://github.com/p6m7g8/p6-rust-craps",
            "http_clone_url": "https://github.com/p6m7g8/p6-rust-craps.git",
            "id": "p6-rust-craps",
            "ignore_vulnerability_alerts_during_read": null,
            "is_template": false,
            "license_template": "apache-2.0",
            "merge_commit_message": "PR_TITLE",
            "merge_commit_title": "MERGE_MESSAGE",
            "name": "p6-rust-craps",
            "node_id": "R_kgDOJrPs4g",
            "pages": [],
            "private": false,
            "repo_id": 649325794,
            "security_and_analysis": [
              {
                "advanced_security": [],
                "secret_scanning": [
                  {
                    "status": "disabled"
                  }
                ],
                "secret_scanning_push_protection": [
                  {
                    "status": "disabled"
                  }
                ]
              }
            ],
            "squash_merge_commit_message": "COMMIT_MESSAGES",
            "squash_merge_commit_title": "COMMIT_OR_PR_TITLE",
            "ssh_clone_url": "git@github.com:p6m7g8/p6-rust-craps.git",
            "svn_url": "https://github.com/p6m7g8/p6-rust-craps",
            "template": [],
            "topics": [
              "clap",
              "craps",
              "p6",
              "p6m7g8",
              "rust"
            ],
            "visibility": "public",
            "vulnerability_alerts": true
          },
          "sensitive_attributes": [],
          "private": "eyJzY2hlbWFfdmVyc2lvbiI6IjEifQ=="
        }
      ]
    },
    {
      "mode": "managed",
      "type": "github_repository",
      "name": "p6-slab-graphql-schema",
      "provider": "provider[\"registry.terraform.io/integrations/github\"]",
      "instances": [
        {
          "schema_version": 1,
          "attributes": {
            "allow_auto_merge": true,
            "allow_merge_commit": true,
            "allow_rebase_merge": true,
            "allow_squash_merge": true,
            "allow_update_branch": false,
            "archive_on_destroy": true,
            "archived": false,
            "auto_init": null,
            "default_branch": "main",
            "delete_branch_on_merge": true,
            "description": "P6M7G8 p6m7g8/p6-slab-graphql-schema",
            "etag": "W/\"0f62ec2bbe80466925df9a1498747da6252cc9ff3d3f9c863030e95aad82e8b7\"",
            "full_name": "p6m7g8/p6-slab-graphql-schema",
            "git_clone_url": "git://github.com/p6m7g8/p6-slab-graphql-schema.git",
            "gitignore_template": null,
            "has_discussions": true,
            "has_downloads": false,
            "has_issues": true,
            "has_projects": true,
            "has_wiki": false,
            "homepage_url": "https://p6m7g8.github.io/p6m7g8/p6-slab-graphql-schema",
            "html_url": "https://github.com/p6m7g8/p6-slab-graphql-schema",
            "http_clone_url": "https://github.com/p6m7g8/p6-slab-graphql-schema.git",
            "id": "p6-slab-graphql-schema",
            "ignore_vulnerability_alerts_during_read": null,
            "is_template": false,
            "license_template": "apache-2.0",
            "merge_commit_message": "PR_TITLE",
            "merge_commit_title": "MERGE_MESSAGE",
            "name": "p6-slab-graphql-schema",
            "node_id": "R_kgDOJrPw0A",
            "pages": [],
            "private": false,
            "repo_id": 649326800,
            "security_and_analysis": [
              {
                "advanced_security": [],
                "secret_scanning": [
                  {
                    "status": "disabled"
                  }
                ],
                "secret_scanning_push_protection": [
                  {
                    "status": "disabled"
                  }
                ]
              }
            ],
            "squash_merge_commit_message": "COMMIT_MESSAGES",
            "squash_merge_commit_title": "COMMIT_OR_PR_TITLE",
            "ssh_clone_url": "git@github.com:p6m7g8/p6-slab-graphql-schema.git",
            "svn_url": "https://github.com/p6m7g8/p6-slab-graphql-schema",
            "template": [],
            "topics": [
              "graphql",
              "p6",
              "p6m7g8",
              "projen",
              "slab",
              "typescript"
            ],
            "visibility": "public",
            "vulnerability_alerts": true
          },
          "sensitive_attributes": [],
          "private": "eyJzY2hlbWFfdmVyc2lvbiI6IjEifQ=="
        }
      ]
    },
    {
      "mode": "managed",
      "type": "github_repository",
      "name": "p6-ts-craps",
      "provider": "provider[\"registry.terraform.io/integrations/github\"]",
      "instances": [
        {
          "schema_version": 1,
          "attributes": {
            "allow_auto_merge": true,
            "allow_merge_commit": true,
            "allow_rebase_merge": true,
            "allow_squash_merge": true,
            "allow_update_branch": false,
            "archive_on_destroy": true,
            "archived": false,
            "auto_init": null,
            "default_branch": "main",
            "delete_branch_on_merge": true,
            "description": "P6M7G8 p6m7g8/p6-ts-craps",
            "etag": "W/\"ed4f6283d94f8d1a5ae6fdff9011a01544828d5f216a75183f540ba624f73229\"",
            "full_name": "p6m7g8/p6-ts-craps",
            "git_clone_url": "git://github.com/p6m7g8/p6-ts-craps.git",
            "gitignore_template": null,
            "has_discussions": true,
            "has_downloads": false,
            "has_issues": true,
            "has_projects": true,
            "has_wiki": false,
            "homepage_url": "https://p6m7g8.github.io/p6m7g8/p6-ts-craps",
            "html_url": "https://github.com/p6m7g8/p6-ts-craps",
            "http_clone_url": "https://github.com/p6m7g8/p6-ts-craps.git",
            "id": "p6-ts-craps",
            "ignore_vulnerability_alerts_during_read": null,
            "is_template": false,
            "license_template": "apache-2.0",
            "merge_commit_message": "PR_TITLE",
            "merge_commit_title": "MERGE_MESSAGE",
            "name": "p6-ts-craps",
            "node_id": "R_kgDOJrPssA",
            "pages": [],
            "private": false,
            "repo_id": 649325744,
            "security_and_analysis": [
              {
                "advanced_security": [],
                "secret_scanning": [
                  {
                    "status": "disabled"
                  }
                ],
                "secret_scanning_push_protection": [
                  {
                    "status": "disabled"
                  }
                ]
              }
            ],
            "squash_merge_commit_message": "COMMIT_MESSAGES",
            "squash_merge_commit_title": "COMMIT_OR_PR_TITLE",
            "ssh_clone_url": "git@github.com:p6m7g8/p6-ts-craps.git",
            "svn_url": "https://github.com/p6m7g8/p6-ts-craps",
            "template": [],
            "topics": [
              "craps",
              "p6",
              "p6m7g8",
              "stats",
              "typescript"
            ],
            "visibility": "public",
            "vulnerability_alerts": true
          },
          "sensitive_attributes": [],
          "private": "eyJzY2hlbWFfdmVyc2lvbiI6IjEifQ=="
        }
      ]
    },
    {
      "mode": "managed",
      "type": "github_repository",
      "name": "p6-zsh-cdktf-plugin",
      "provider": "provider[\"registry.terraform.io/integrations/github\"]",
      "instances": [
        {
          "schema_version": 1,
          "attributes": {
            "allow_auto_merge": true,
            "allow_merge_commit": true,
            "allow_rebase_merge": true,
            "allow_squash_merge": true,
            "allow_update_branch": false,
            "archive_on_destroy": true,
            "archived": false,
            "auto_init": null,
            "default_branch": "main",
            "delete_branch_on_merge": true,
            "description": "P6M7G8 p6m7g8/p6-zsh-cdktf-plugin",
            "etag": "W/\"5dc75f886f6cd560528b9bd800d57a7b6d7f27a9a402be33a0642abd0af1165c\"",
            "full_name": "p6m7g8/p6-zsh-cdktf-plugin",
            "git_clone_url": "git://github.com/p6m7g8/p6-zsh-cdktf-plugin.git",
            "gitignore_template": null,
            "has_discussions": true,
            "has_downloads": false,
            "has_issues": true,
            "has_projects": true,
            "has_wiki": false,
            "homepage_url": "https://p6m7g8.github.io/p6m7g8/p6-zsh-cdktf-plugin",
            "html_url": "https://github.com/p6m7g8/p6-zsh-cdktf-plugin",
            "http_clone_url": "https://github.com/p6m7g8/p6-zsh-cdktf-plugin.git",
            "id": "p6-zsh-cdktf-plugin",
            "ignore_vulnerability_alerts_during_read": null,
            "is_template": false,
            "license_template": "apache-2.0",
            "merge_commit_message": "PR_TITLE",
            "merge_commit_title": "MERGE_MESSAGE",
            "name": "p6-zsh-cdktf-plugin",
            "node_id": "R_kgDOJrSFZw",
            "pages": [],
            "private": false,
            "repo_id": 649364839,
            "security_and_analysis": [
              {
                "advanced_security": [],
                "secret_scanning": [
                  {
                    "status": "disabled"
                  }
                ],
                "secret_scanning_push_protection": [
                  {
                    "status": "disabled"
                  }
                ]
              }
            ],
            "squash_merge_commit_message": "COMMIT_MESSAGES",
            "squash_merge_commit_title": "COMMIT_OR_PR_TITLE",
            "ssh_clone_url": "git@github.com:p6m7g8/p6-zsh-cdktf-plugin.git",
            "svn_url": "https://github.com/p6m7g8/p6-zsh-cdktf-plugin",
            "template": [],
            "topics": [
              "cdktf",
              "ohmyzsh",
              "p6",
              "p6m7g8",
              "plugin",
              "terraform",
              "terraform-cdk"
            ],
            "visibility": "public",
            "vulnerability_alerts": true
          },
          "sensitive_attributes": [],
          "private": "eyJzY2hlbWFfdmVyc2lvbiI6IjEifQ=="
        }
      ]
    },
    {
      "mode": "managed",
      "type": "github_repository",
      "name": "p6-zsh-projen-plugin",
      "provider": "provider[\"registry.terraform.io/integrations/github\"]",
      "instances": [
        {
          "schema_version": 1,
          "attributes": {
            "allow_auto_merge": true,
            "allow_merge_commit": true,
            "allow_rebase_merge": true,
            "allow_squash_merge": true,
            "allow_update_branch": false,
            "archive_on_destroy": true,
            "archived": false,
            "auto_init": null,
            "default_branch": "main",
            "delete_branch_on_merge": true,
            "description": "P6M7G8 p6m7g8/p6-zsh-projen-plugin",
            "etag": "W/\"746e797bf874fb5aa7c922dbfd3f174ac7dc3393fc2b09e4db2c7e6baed95c70\"",
            "full_name": "p6m7g8/p6-zsh-projen-plugin",
            "git_clone_url": "git://github.com/p6m7g8/p6-zsh-projen-plugin.git",
            "gitignore_template": null,
            "has_discussions": true,
            "has_downloads": false,
            "has_issues": true,
            "has_projects": true,
            "has_wiki": false,
            "homepage_url": "https://p6m7g8.github.io/p6m7g8/p6-zsh-projen-plugin",
            "html_url": "https://github.com/p6m7g8/p6-zsh-projen-plugin",
            "http_clone_url": "https://github.com/p6m7g8/p6-zsh-projen-plugin.git",
            "id": "p6-zsh-projen-plugin",
            "ignore_vulnerability_alerts_during_read": null,
            "is_template": false,
            "license_template": "apache-2.0",
            "merge_commit_message": "PR_TITLE",
            "merge_commit_title": "MERGE_MESSAGE",
            "name": "p6-zsh-projen-plugin",
            "node_id": "R_kgDOJrPyPQ",
            "pages": [],
            "private": false,
            "repo_id": 649327165,
            "security_and_analysis": [
              {
                "advanced_security": [],
                "secret_scanning": [
                  {
                    "status": "disabled"
                  }
                ],
                "secret_scanning_push_protection": [
                  {
                    "status": "disabled"
                  }
                ]
              }
            ],
            "squash_merge_commit_message": "COMMIT_MESSAGES",
            "squash_merge_commit_title": "COMMIT_OR_PR_TITLE",
            "ssh_clone_url": "git@github.com:p6m7g8/p6-zsh-projen-plugin.git",
            "svn_url": "https://github.com/p6m7g8/p6-zsh-projen-plugin",
            "template": [],
            "topics": [
              "ohmyzsh",
              "p6",
              "p6m7g8",
              "plugin",
              "projen",
              "sh",
              "zsh"
            ],
            "visibility": "public",
            "vulnerability_alerts": true
          },
          "sensitive_attributes": [],
          "private": "eyJzY2hlbWFfdmVyc2lvbiI6IjEifQ=="
        }
      ]
    },
    {
      "mode": "managed",
      "type": "github_repository",
      "name": "p6-zsh-sam-plugin",
      "provider": "provider[\"registry.terraform.io/integrations/github\"]",
      "instances": [
        {
          "schema_version": 1,
          "attributes": {
            "allow_auto_merge": true,
            "allow_merge_commit": true,
            "allow_rebase_merge": true,
            "allow_squash_merge": true,
            "allow_update_branch": false,
            "archive_on_destroy": true,
            "archived": false,
            "auto_init": null,
            "default_branch": "main",
            "delete_branch_on_merge": true,
            "description": "P6M7G8 p6m7g8/p6-zsh-sam-plugin",
            "etag": "W/\"5783f8ce54a091bc405027169d17e0ee6933b2a890a6ef05ccdc9307f62e41cc\"",
            "full_name": "p6m7g8/p6-zsh-sam-plugin",
            "git_clone_url": "git://github.com/p6m7g8/p6-zsh-sam-plugin.git",
            "gitignore_template": null,
            "has_discussions": true,
            "has_downloads": false,
            "has_issues": true,
            "has_projects": true,
            "has_wiki": false,
            "homepage_url": "https://p6m7g8.github.io/p6m7g8/p6-zsh-sam-plugin",
            "html_url": "https://github.com/p6m7g8/p6-zsh-sam-plugin",
            "http_clone_url": "https://github.com/p6m7g8/p6-zsh-sam-plugin.git",
            "id": "p6-zsh-sam-plugin",
            "ignore_vulnerability_alerts_during_read": null,
            "is_template": false,
            "license_template": "apache-2.0",
            "merge_commit_message": "PR_TITLE",
            "merge_commit_title": "MERGE_MESSAGE",
            "name": "p6-zsh-sam-plugin",
            "node_id": "R_kgDOJrPyUw",
            "pages": [],
            "private": false,
            "repo_id": 649327187,
            "security_and_analysis": [
              {
                "advanced_security": [],
                "secret_scanning": [
                  {
                    "status": "disabled"
                  }
                ],
                "secret_scanning_push_protection": [
                  {
                    "status": "disabled"
                  }
                ]
              }
            ],
            "squash_merge_commit_message": "COMMIT_MESSAGES",
            "squash_merge_commit_title": "COMMIT_OR_PR_TITLE",
            "ssh_clone_url": "git@github.com:p6m7g8/p6-zsh-sam-plugin.git",
            "svn_url": "https://github.com/p6m7g8/p6-zsh-sam-plugin",
            "template": [],
            "topics": [
              "ohmyzsh",
              "p6",
              "p6m7g8",
              "plugin",
              "sam",
              "sh",
              "zsh"
            ],
            "visibility": "public",
            "vulnerability_alerts": true
          },
          "sensitive_attributes": [],
          "private": "eyJzY2hlbWFfdmVyc2lvbiI6IjEifQ=="
        }
      ]
    },
    {
      "mode": "managed",
      "type": "github_repository",
      "name": "p6m7g8githubio",
      "provider": "provider[\"registry.terraform.io/integrations/github\"]",
      "instances": [
        {
          "schema_version": 1,
          "attributes": {
            "allow_auto_merge": true,
            "allow_merge_commit": true,
            "allow_rebase_merge": true,
            "allow_squash_merge": true,
            "allow_update_branch": false,
            "archive_on_destroy": true,
            "archived": false,
            "auto_init": null,
            "default_branch": "main",
            "delete_branch_on_merge": true,
            "description": "P6M7G8 github site",
            "etag": "W/\"78639a4552fbdb9eba08e12ccd7918892b62145cc9bc3af3180019a5d1ec55fb\"",
            "full_name": "p6m7g8/p6m7g8.github.io",
            "git_clone_url": "git://github.com/p6m7g8/p6m7g8.github.io.git",
            "gitignore_template": null,
            "has_discussions": true,
            "has_downloads": false,
            "has_issues": true,
            "has_projects": true,
            "has_wiki": false,
            "homepage_url": "https://p6m7g8.github.io/p6m7g8/p6m7g8.githu.io",
            "html_url": "https://github.com/p6m7g8/p6m7g8.github.io",
            "http_clone_url": "https://github.com/p6m7g8/p6m7g8.github.io.git",
            "id": "p6m7g8.github.io",
            "ignore_vulnerability_alerts_during_read": null,
            "is_template": false,
            "license_template": "apache-2.0",
            "merge_commit_message": "PR_TITLE",
            "merge_commit_title": "MERGE_MESSAGE",
            "name": "p6m7g8.github.io",
            "node_id": "R_kgDOJrRZEQ",
            "pages": [
              {
                "build_type": "legacy",
                "cname": "",
                "custom_404": false,
                "html_url": "https://p6m7g8.github.io/",
                "source": [
                  {
                    "branch": "main",
                    "path": "/"
                  }
                ],
                "status": "built",
                "url": "https://api.github.com/repos/p6m7g8/p6m7g8.github.io/pages"
              }
            ],
            "private": false,
            "repo_id": 649353489,
            "security_and_analysis": [
              {
                "advanced_security": [],
                "secret_scanning": [
                  {
                    "status": "disabled"
                  }
                ],
                "secret_scanning_push_protection": [
                  {
                    "status": "disabled"
                  }
                ]
              }
            ],
            "squash_merge_commit_message": "COMMIT_MESSAGES",
            "squash_merge_commit_title": "COMMIT_OR_PR_TITLE",
            "ssh_clone_url": "git@github.com:p6m7g8/p6m7g8.github.io.git",
            "svn_url": "https://github.com/p6m7g8/p6m7g8.github.io",
            "template": [],
            "topics": [
              "github",
              "homepage",
              "organization",
              "p6",
              "p6m7g8",
              "profile",
              "readme",
              "website"
            ],
            "visibility": "public",
            "vulnerability_alerts": true
          },
          "sensitive_attributes": [],
          "private": "eyJzY2hlbWFfdmVyc2lvbiI6IjEifQ=="
        }
      ]
    },
    {
      "mode": "managed",
      "type": "github_team",
      "name": "P6-Admins",
      "provider": "provider[\"registry.terraform.io/integrations/github\"]",
      "instances": [
        {
          "schema_version": 0,
          "attributes": {
            "create_default_maintainer": false,
            "description": "",
            "etag": "W/\"7c893a2df869d6c25f37c0e9c77fea00e67b8b50f730dea2e853dcb0f3e74e5e\"",
            "id": "8011363",
            "ldap_dn": "",
            "members_count": 0,
            "name": "P6-Admins",
            "node_id": "T_kwDOAdQUL84Aej5j",
            "parent_team_id": "",
            "privacy": "secret",
            "slug": "p6-admins"
          },
          "sensitive_attributes": [],
          "private": "bnVsbA=="
        }
      ]
    },
    {
      "mode": "managed",
      "type": "github_team",
      "name": "P6-Maintainers",
      "provider": "provider[\"registry.terraform.io/integrations/github\"]",
      "instances": [
        {
          "schema_version": 0,
          "attributes": {
            "create_default_maintainer": false,
            "description": "",
            "etag": "W/\"698ebd5f07572c646879f12a3c999a493bacc618632c21aa369359eb36388d8a\"",
            "id": "8011364",
            "ldap_dn": "",
            "members_count": 0,
            "name": "P6-Maintainers",
            "node_id": "T_kwDOAdQUL84Aej5k",
            "parent_team_id": "",
            "privacy": "secret",
            "slug": "p6-maintainers"
          },
          "sensitive_attributes": [],
          "private": "bnVsbA=="
        }
      ]
    },
    {
      "mode": "managed",
      "type": "github_team",
      "name": "P6-Owners",
      "provider": "provider[\"registry.terraform.io/integrations/github\"]",
      "instances": [
        {
          "schema_version": 0,
          "attributes": {
            "create_default_maintainer": false,
            "description": "",
            "etag": "W/\"62b1df022cd2ceb818ddd3b5cb0b065c7fec97165025923a2c257de39ae8d3d3\"",
            "id": "8011361",
            "ldap_dn": "",
            "members_count": 0,
            "name": "P6-Owners",
            "node_id": "T_kwDOAdQUL84Aej5h",
            "parent_team_id": "",
            "privacy": "secret",
            "slug": "p6-owners"
          },
          "sensitive_attributes": [],
          "private": "bnVsbA=="
        }
      ]
    },
    {
      "mode": "managed",
      "type": "github_team",
      "name": "P6-Readers",
      "provider": "provider[\"registry.terraform.io/integrations/github\"]",
      "instances": [
        {
          "schema_version": 0,
          "attributes": {
            "create_default_maintainer": false,
            "description": "",
            "etag": "W/\"01d9965dbea633aedaa0d4c59ca04ce0a68c5e384c634eaa25193988c5bdf937\"",
            "id": "8011366",
            "ldap_dn": "",
            "members_count": 0,
            "name": "P6-Readers",
            "node_id": "T_kwDOAdQUL84Aej5m",
            "parent_team_id": "",
            "privacy": "secret",
            "slug": "p6-readers"
          },
          "sensitive_attributes": [],
          "private": "bnVsbA=="
        }
      ]
    },
    {
      "mode": "managed",
      "type": "github_team",
      "name": "P6-Triagers",
      "provider": "provider[\"registry.terraform.io/integrations/github\"]",
      "instances": [
        {
          "schema_version": 0,
          "attributes": {
            "create_default_maintainer": false,
            "description": "",
            "etag": "W/\"3693b665a7016779bb0adddfcb3f3fe4fc26ff6966ce8e7832124ae05795e9d1\"",
            "id": "8011365",
            "ldap_dn": "",
            "members_count": 0,
            "name": "P6-Triagers",
            "node_id": "T_kwDOAdQUL84Aej5l",
            "parent_team_id": "",
            "privacy": "secret",
            "slug": "p6-triagers"
          },
          "sensitive_attributes": [],
          "private": "bnVsbA=="
        }
      ]
    },
    {
      "mode": "managed",
      "type": "github_team",
      "name": "P6-Writers",
      "provider": "provider[\"registry.terraform.io/integrations/github\"]",
      "instances": [
        {
          "schema_version": 0,
          "attributes": {
            "create_default_maintainer": false,
            "description": "",
            "etag": "W/\"813f30d8e01b3f9933d96429953cbb6831aa40c75c286dc7b18013cbcf9fd910\"",
            "id": "8011362",
            "ldap_dn": "",
            "members_count": 0,
            "name": "P6-Writers",
            "node_id": "T_kwDOAdQUL84Aej5i",
            "parent_team_id": "",
            "privacy": "secret",
            "slug": "p6-writers"
          },
          "sensitive_attributes": [],
          "private": "bnVsbA=="
        }
      ]
    }
  ]
}
